
Microsoft Visual Studio Solution File, Format Version 12.00
# Visual Studio Version 17
VisualStudioVersion = 17.4.33103.184
MinimumVisualStudioVersion = 10.0.40219.1
Project("{FAE04EC0-301F-11D3-BF4B-00C04F79EFBC}") = "LoonfactoryPage", "LoonfactoryPage\LoonfactoryPage.csproj", "{E7935393-225A-404B-BDAC-F5AD4DFAEB8C}"
EndProject
Global
	GlobalSection(SolutionConfigurationPlatforms) = preSolution
		Debug|Any CPU = Debug|Any CPU
		Release|Any CPU = Release|Any CPU
	EndGlobalSection
	GlobalSection(ProjectConfigurationPlatforms) = postSolution
		{E7935393-225A-404B-BDAC-F5AD4DFAEB8C}.Debug|Any CPU.ActiveCfg = Debug|Any CPU
		{E7935393-225A-404B-BDAC-F5AD4DFAEB8C}.Debug|Any CPU.Build.0 = Debug|Any CPU
		{E7935393-225A-404B-BDAC-F5AD4DFAEB8C}.Release|Any CPU.ActiveCfg = Release|Any CPU
		{E7935393-225A-404B-BDAC-F5AD4DFAEB8C}.Release|Any CPU.Build.0 = Release|Any CPU
	EndGlobalSection
	GlobalSection(SolutionProperties) = preSolution
		HideSolutionNode = FALSE
	EndGlobalSection
	GlobalSection(ExtensibilityGlobals) = postSolution
		SolutionGuid = {C0986F8F-100B-45DE-B37B-4ABB3711A047}
	EndGlobalSection
EndGlobal
